
Microsoft Visual Studio Solution File, Format Version 12.00
# Visual Studio Version 16
VisualStudioVersion = 16.0.32930.78
MinimumVisualStudioVersion = 10.0.40219.1
Project("{FAE04EC0-301F-11D3-BF4B-00C04F79EFBC}") = "WinFrom", "WinFrom\WinFrom.csproj", "{012003E2-E2CF-4C27-87CD-D6B1DCB882BD}"
EndProject
Global
	GlobalSection(SolutionConfigurationPlatforms) = preSolution
		Debug|Any CPU = Debug|Any CPU
		Release|Any CPU = Release|Any CPU
	EndGlobalSection
	GlobalSection(ProjectConfigurationPlatforms) = postSolution
		{012003E2-E2CF-4C27-87CD-D6B1DCB882BD}.Debug|Any CPU.ActiveCfg = Debug|Any CPU
		{012003E2-E2CF-4C27-87CD-D6B1DCB882BD}.Debug|Any CPU.Build.0 = Debug|Any CPU
		{012003E2-E2CF-4C27-87CD-D6B1DCB882BD}.Release|Any CPU.ActiveCfg = Release|Any CPU
		{012003E2-E2CF-4C27-87CD-D6B1DCB882BD}.Release|Any CPU.Build.0 = Release|Any CPU
	EndGlobalSection
	GlobalSection(SolutionProperties) = preSolution
		HideSolutionNode = FALSE
	EndGlobalSection
	GlobalSection(ExtensibilityGlobals) = postSolution
		SolutionGuid = {3574BE07-9E34-4360-98D6-63DE502CE013}
	EndGlobalSection
EndGlobal
